
Microsoft Visual Studio Solution File, Format Version 12.00
# Visual Studio 15
VisualStudioVersion = 15.0.27703.2000
MinimumVisualStudioVersion = 10.0.40219.1
Project("{FAE04EC0-301F-11D3-BF4B-00C04F79EFBC}") = "ConsoleApp27", "ConsoleApp27\ConsoleApp27.csproj", "{E9A6E1BE-C192-4E40-AE99-39FBFACEB322}"
EndProject
Project("{FAE04EC0-301F-11D3-BF4B-00C04F79EFBC}") = "RabotaSMassivamiICiclom", "RabotaSMassivamiICiclom\RabotaSMassivamiICiclom.csproj", "{15444A66-F3C9-485C-86BB-6B71FFF30B3A}"
EndProject
Global
	GlobalSection(SolutionConfigurationPlatforms) = preSolution
		Debug|Any CPU = Debug|Any CPU
		Release|Any CPU = Release|Any CPU
	EndGlobalSection
	GlobalSection(ProjectConfigurationPlatforms) = postSolution
		{E9A6E1BE-C192-4E40-AE99-39FBFACEB322}.Debug|Any CPU.ActiveCfg = Debug|Any CPU
		{E9A6E1BE-C192-4E40-AE99-39FBFACEB322}.Debug|Any CPU.Build.0 = Debug|Any CPU
		{E9A6E1BE-C192-4E40-AE99-39FBFACEB322}.Release|Any CPU.ActiveCfg = Release|Any CPU
		{E9A6E1BE-C192-4E40-AE99-39FBFACEB322}.Release|Any CPU.Build.0 = Release|Any CPU
		{15444A66-F3C9-485C-86BB-6B71FFF30B3A}.Debug|Any CPU.ActiveCfg = Debug|Any CPU
		{15444A66-F3C9-485C-86BB-6B71FFF30B3A}.Debug|Any CPU.Build.0 = Debug|Any CPU
		{15444A66-F3C9-485C-86BB-6B71FFF30B3A}.Release|Any CPU.ActiveCfg = Release|Any CPU
		{15444A66-F3C9-485C-86BB-6B71FFF30B3A}.Release|Any CPU.Build.0 = Release|Any CPU
	EndGlobalSection
	GlobalSection(SolutionProperties) = preSolution
		HideSolutionNode = FALSE
	EndGlobalSection
	GlobalSection(ExtensibilityGlobals) = postSolution
		SolutionGuid = {30C0A3E7-C824-41B8-A571-1094C8CA597A}
	EndGlobalSection
EndGlobal
