
Microsoft Visual Studio Solution File, Format Version 12.00
# Visual Studio 15
VisualStudioVersion = 15.0.27703.2000
MinimumVisualStudioVersion = 10.0.40219.1
Project("{FAE04EC0-301F-11D3-BF4B-00C04F79EFBC}") = "ConsoleApp23", "ConsoleApp23\ConsoleApp23.csproj", "{C7128D6E-2323-4BB2-9E3C-1604D1AE267E}"
EndProject
Global
	GlobalSection(SolutionConfigurationPlatforms) = preSolution
		Debug|Any CPU = Debug|Any CPU
		Release|Any CPU = Release|Any CPU
	EndGlobalSection
	GlobalSection(ProjectConfigurationPlatforms) = postSolution
		{C7128D6E-2323-4BB2-9E3C-1604D1AE267E}.Debug|Any CPU.ActiveCfg = Debug|Any CPU
		{C7128D6E-2323-4BB2-9E3C-1604D1AE267E}.Debug|Any CPU.Build.0 = Debug|Any CPU
		{C7128D6E-2323-4BB2-9E3C-1604D1AE267E}.Release|Any CPU.ActiveCfg = Release|Any CPU
		{C7128D6E-2323-4BB2-9E3C-1604D1AE267E}.Release|Any CPU.Build.0 = Release|Any CPU
	EndGlobalSection
	GlobalSection(SolutionProperties) = preSolution
		HideSolutionNode = FALSE
	EndGlobalSection
	GlobalSection(ExtensibilityGlobals) = postSolution
		SolutionGuid = {C43C857A-567F-485F-B25D-6915A3CF986D}
	EndGlobalSection
EndGlobal
