
Microsoft Visual Studio Solution File, Format Version 12.00
# Visual Studio 15
VisualStudioVersion = 15.0.27703.2000
MinimumVisualStudioVersion = 10.0.40219.1
Project("{FAE04EC0-301F-11D3-BF4B-00C04F79EFBC}") = "BookApp42", "BookApp42\BookApp42.csproj", "{463ADEB4-A9C5-4DF6-8BC7-2D847BF7B082}"
EndProject
Global
	GlobalSection(SolutionConfigurationPlatforms) = preSolution
		Debug|Any CPU = Debug|Any CPU
		Release|Any CPU = Release|Any CPU
	EndGlobalSection
	GlobalSection(ProjectConfigurationPlatforms) = postSolution
		{463ADEB4-A9C5-4DF6-8BC7-2D847BF7B082}.Debug|Any CPU.ActiveCfg = Debug|Any CPU
		{463ADEB4-A9C5-4DF6-8BC7-2D847BF7B082}.Debug|Any CPU.Build.0 = Debug|Any CPU
		{463ADEB4-A9C5-4DF6-8BC7-2D847BF7B082}.Release|Any CPU.ActiveCfg = Release|Any CPU
		{463ADEB4-A9C5-4DF6-8BC7-2D847BF7B082}.Release|Any CPU.Build.0 = Release|Any CPU
	EndGlobalSection
	GlobalSection(SolutionProperties) = preSolution
		HideSolutionNode = FALSE
	EndGlobalSection
	GlobalSection(ExtensibilityGlobals) = postSolution
		SolutionGuid = {73B09D52-1F3E-4754-BF1E-18FBCE1D76B3}
	EndGlobalSection
EndGlobal
