
Microsoft Visual Studio Solution File, Format Version 12.00
# Visual Studio 15
VisualStudioVersion = 15.0.27703.2000
MinimumVisualStudioVersion = 10.0.40219.1
Project("{FAE04EC0-301F-11D3-BF4B-00C04F79EFBC}") = "BookApp41", "BookApp41\BookApp41.csproj", "{B184C434-931C-4736-863B-53ED07CA4BC5}"
EndProject
Global
	GlobalSection(SolutionConfigurationPlatforms) = preSolution
		Debug|Any CPU = Debug|Any CPU
		Release|Any CPU = Release|Any CPU
	EndGlobalSection
	GlobalSection(ProjectConfigurationPlatforms) = postSolution
		{B184C434-931C-4736-863B-53ED07CA4BC5}.Debug|Any CPU.ActiveCfg = Debug|Any CPU
		{B184C434-931C-4736-863B-53ED07CA4BC5}.Debug|Any CPU.Build.0 = Debug|Any CPU
		{B184C434-931C-4736-863B-53ED07CA4BC5}.Release|Any CPU.ActiveCfg = Release|Any CPU
		{B184C434-931C-4736-863B-53ED07CA4BC5}.Release|Any CPU.Build.0 = Release|Any CPU
	EndGlobalSection
	GlobalSection(SolutionProperties) = preSolution
		HideSolutionNode = FALSE
	EndGlobalSection
	GlobalSection(ExtensibilityGlobals) = postSolution
		SolutionGuid = {22565A4A-DF39-421D-BD86-A046FE69AC9D}
	EndGlobalSection
EndGlobal
